
Microsoft Visual Studio Solution File, Format Version 12.00
# Visual Studio Version 16
VisualStudioVersion = 16.0.32413.511
MinimumVisualStudioVersion = 10.0.40219.1
Project("{9A19103F-16F7-4668-BE54-9A1E7A4F7556}") = "ChatServer", "ChatServer\ChatServer.csproj", "{0025D327-3A35-4AA9-9EAE-5B96E8638D04}"
EndProject
Global
	GlobalSection(SolutionConfigurationPlatforms) = preSolution
		Debug|Any CPU = Debug|Any CPU
		Debug|x64 = Debug|x64
		Release|Any CPU = Release|Any CPU
		Release|x64 = Release|x64
	EndGlobalSection
	GlobalSection(ProjectConfigurationPlatforms) = postSolution
		{0025D327-3A35-4AA9-9EAE-5B96E8638D04}.Debug|Any CPU.ActiveCfg = Debug|Any CPU
		{0025D327-3A35-4AA9-9EAE-5B96E8638D04}.Debug|Any CPU.Build.0 = Debug|Any CPU
		{0025D327-3A35-4AA9-9EAE-5B96E8638D04}.Debug|x64.ActiveCfg = Debug|x64
		{0025D327-3A35-4AA9-9EAE-5B96E8638D04}.Debug|x64.Build.0 = Debug|x64
		{0025D327-3A35-4AA9-9EAE-5B96E8638D04}.Release|Any CPU.ActiveCfg = Release|Any CPU
		{0025D327-3A35-4AA9-9EAE-5B96E8638D04}.Release|Any CPU.Build.0 = Release|Any CPU
		{0025D327-3A35-4AA9-9EAE-5B96E8638D04}.Release|x64.ActiveCfg = Release|Any CPU
		{0025D327-3A35-4AA9-9EAE-5B96E8638D04}.Release|x64.Build.0 = Release|Any CPU
	EndGlobalSection
	GlobalSection(SolutionProperties) = preSolution
		HideSolutionNode = FALSE
	EndGlobalSection
	GlobalSection(ExtensibilityGlobals) = postSolution
		SolutionGuid = {91A37E6B-3A65-43A8-8750-8B8DAA735F68}
	EndGlobalSection
EndGlobal
